
Microsoft Visual Studio Solution File, Format Version 12.00
# Visual Studio Version 16
VisualStudioVersion = 16.0.29920.165
MinimumVisualStudioVersion = 10.0.40219.1
Project("{FAE04EC0-301F-11D3-BF4B-00C04F79EFBC}") = "InjectionDeDependance", "InjectionDeDependance.csproj", "{B6A91BFD-8BF1-4A4F-AE3E-6223E2436CDD}"
EndProject
Global
	GlobalSection(SolutionConfigurationPlatforms) = preSolution
		Debug|Any CPU = Debug|Any CPU
		Release|Any CPU = Release|Any CPU
	EndGlobalSection
	GlobalSection(ProjectConfigurationPlatforms) = postSolution
		{B6A91BFD-8BF1-4A4F-AE3E-6223E2436CDD}.Debug|Any CPU.ActiveCfg = Debug|Any CPU
		{B6A91BFD-8BF1-4A4F-AE3E-6223E2436CDD}.Debug|Any CPU.Build.0 = Debug|Any CPU
		{B6A91BFD-8BF1-4A4F-AE3E-6223E2436CDD}.Release|Any CPU.ActiveCfg = Release|Any CPU
		{B6A91BFD-8BF1-4A4F-AE3E-6223E2436CDD}.Release|Any CPU.Build.0 = Release|Any CPU
	EndGlobalSection
	GlobalSection(SolutionProperties) = preSolution
		HideSolutionNode = FALSE
	EndGlobalSection
	GlobalSection(ExtensibilityGlobals) = postSolution
		SolutionGuid = {18683F67-BBEB-4534-A202-8C0B474BB3A5}
	EndGlobalSection
EndGlobal
